
Microsoft Visual Studio Solution File, Format Version 12.00
# Visual Studio Version 16
VisualStudioVersion = 16.0.31019.35
MinimumVisualStudioVersion = 10.0.40219.1
Project("{8BC9CEB8-8B4A-11D0-8D11-00A0C91BC942}") = "Buddhabrot", "Buddhabrot\Buddhabrot.vcxproj", "{CD77A671-BECD-48EA-941C-D1B68A3DB099}"
EndProject
Global
	GlobalSection(SolutionConfigurationPlatforms) = preSolution
		Debug|x64 = Debug|x64
		Release|x64 = Release|x64
	EndGlobalSection
	GlobalSection(ProjectConfigurationPlatforms) = postSolution
		{CD77A671-BECD-48EA-941C-D1B68A3DB099}.Debug|x64.ActiveCfg = Debug|x64
		{CD77A671-BECD-48EA-941C-D1B68A3DB099}.Debug|x64.Build.0 = Debug|x64
		{CD77A671-BECD-48EA-941C-D1B68A3DB099}.Release|x64.ActiveCfg = Release|x64
		{CD77A671-BECD-48EA-941C-D1B68A3DB099}.Release|x64.Build.0 = Release|x64
	EndGlobalSection
	GlobalSection(SolutionProperties) = preSolution
		HideSolutionNode = FALSE
	EndGlobalSection
	GlobalSection(ExtensibilityGlobals) = postSolution
		SolutionGuid = {8539FD71-C5B5-4652-999F-8D3CECDFB5BB}
	EndGlobalSection
EndGlobal
